
Microsoft Visual Studio Solution File, Format Version 12.00
# Visual Studio Version 17
VisualStudioVersion = 17.11.35222.181
MinimumVisualStudioVersion = 10.0.40219.1
Project("{FAE04EC0-301F-11D3-BF4B-00C04F79EFBC}") = "01_MainSubjects", "01_MainSubjects\01_MainSubjects.csproj", "{AF0DEDA7-C2B2-4696-A0D1-2D40BA283747}"
EndProject
Project("{FAE04EC0-301F-11D3-BF4B-00C04F79EFBC}") = "02_Variables", "02_Variables\02_Variables.csproj", "{9D72BAAC-730B-4C6C-8F33-43351B38762E}"
EndProject
Project("{FAE04EC0-301F-11D3-BF4B-00C04F79EFBC}") = "03_MakingDecision", "03_MakingDecision\03_MakingDecision.csproj", "{DBCC1D58-2423-49DD-8D32-F2EF73464E1A}"
EndProject
Project("{FAE04EC0-301F-11D3-BF4B-00C04F79EFBC}") = "04_Loops", "04_Loops\04_Loops.csproj", "{C151D118-5B13-42D1-8781-AA0F54F1AFDF}"
EndProject
Project("{FAE04EC0-301F-11D3-BF4B-00C04F79EFBC}") = "05_LoopsWithStars", "05_LoopsWithStars\05_LoopsWithStars.csproj", "{24AEFA4D-A6D2-4B75-BDBC-1E9B5ACDDDC0}"
EndProject
Project("{FAE04EC0-301F-11D3-BF4B-00C04F79EFBC}") = "06_Arrays", "06_Arrays\06_Arrays.csproj", "{52B7B43E-C46C-4FB4-A343-763E307E508F}"
EndProject
Project("{FAE04EC0-301F-11D3-BF4B-00C04F79EFBC}") = "07_ForeachLoop", "07_ForeachLoop\07_ForeachLoop.csproj", "{86F18E05-2696-4DC8-841E-2A1B7066587B}"
EndProject
Project("{FAE04EC0-301F-11D3-BF4B-00C04F79EFBC}") = "08_Methods", "08_Methods\08_Methods.csproj", "{87A9C1B6-6407-47AE-A8D4-0101B0F84835}"
EndProject
Project("{FAE04EC0-301F-11D3-BF4B-00C04F79EFBC}") = "09_DatabaseProject", "09_DatabaseProject\09_DatabaseProject.csproj", "{EB3C8F9F-DFA7-450F-AC15-811C4672EFD0}"
EndProject
Global
	GlobalSection(SolutionConfigurationPlatforms) = preSolution
		Debug|Any CPU = Debug|Any CPU
		Release|Any CPU = Release|Any CPU
	EndGlobalSection
	GlobalSection(ProjectConfigurationPlatforms) = postSolution
		{AF0DEDA7-C2B2-4696-A0D1-2D40BA283747}.Debug|Any CPU.ActiveCfg = Debug|Any CPU
		{AF0DEDA7-C2B2-4696-A0D1-2D40BA283747}.Debug|Any CPU.Build.0 = Debug|Any CPU
		{AF0DEDA7-C2B2-4696-A0D1-2D40BA283747}.Release|Any CPU.ActiveCfg = Release|Any CPU
		{AF0DEDA7-C2B2-4696-A0D1-2D40BA283747}.Release|Any CPU.Build.0 = Release|Any CPU
		{9D72BAAC-730B-4C6C-8F33-43351B38762E}.Debug|Any CPU.ActiveCfg = Debug|Any CPU
		{9D72BAAC-730B-4C6C-8F33-43351B38762E}.Debug|Any CPU.Build.0 = Debug|Any CPU
		{9D72BAAC-730B-4C6C-8F33-43351B38762E}.Release|Any CPU.ActiveCfg = Release|Any CPU
		{9D72BAAC-730B-4C6C-8F33-43351B38762E}.Release|Any CPU.Build.0 = Release|Any CPU
		{DBCC1D58-2423-49DD-8D32-F2EF73464E1A}.Debug|Any CPU.ActiveCfg = Debug|Any CPU
		{DBCC1D58-2423-49DD-8D32-F2EF73464E1A}.Debug|Any CPU.Build.0 = Debug|Any CPU
		{DBCC1D58-2423-49DD-8D32-F2EF73464E1A}.Release|Any CPU.ActiveCfg = Release|Any CPU
		{DBCC1D58-2423-49DD-8D32-F2EF73464E1A}.Release|Any CPU.Build.0 = Release|Any CPU
		{C151D118-5B13-42D1-8781-AA0F54F1AFDF}.Debug|Any CPU.ActiveCfg = Debug|Any CPU
		{C151D118-5B13-42D1-8781-AA0F54F1AFDF}.Debug|Any CPU.Build.0 = Debug|Any CPU
		{C151D118-5B13-42D1-8781-AA0F54F1AFDF}.Release|Any CPU.ActiveCfg = Release|Any CPU
		{C151D118-5B13-42D1-8781-AA0F54F1AFDF}.Release|Any CPU.Build.0 = Release|Any CPU
		{24AEFA4D-A6D2-4B75-BDBC-1E9B5ACDDDC0}.Debug|Any CPU.ActiveCfg = Debug|Any CPU
		{24AEFA4D-A6D2-4B75-BDBC-1E9B5ACDDDC0}.Debug|Any CPU.Build.0 = Debug|Any CPU
		{24AEFA4D-A6D2-4B75-BDBC-1E9B5ACDDDC0}.Release|Any CPU.ActiveCfg = Release|Any CPU
		{24AEFA4D-A6D2-4B75-BDBC-1E9B5ACDDDC0}.Release|Any CPU.Build.0 = Release|Any CPU
		{52B7B43E-C46C-4FB4-A343-763E307E508F}.Debug|Any CPU.ActiveCfg = Debug|Any CPU
		{52B7B43E-C46C-4FB4-A343-763E307E508F}.Debug|Any CPU.Build.0 = Debug|Any CPU
		{52B7B43E-C46C-4FB4-A343-763E307E508F}.Release|Any CPU.ActiveCfg = Release|Any CPU
		{52B7B43E-C46C-4FB4-A343-763E307E508F}.Release|Any CPU.Build.0 = Release|Any CPU
		{86F18E05-2696-4DC8-841E-2A1B7066587B}.Debug|Any CPU.ActiveCfg = Debug|Any CPU
		{86F18E05-2696-4DC8-841E-2A1B7066587B}.Debug|Any CPU.Build.0 = Debug|Any CPU
		{86F18E05-2696-4DC8-841E-2A1B7066587B}.Release|Any CPU.ActiveCfg = Release|Any CPU
		{86F18E05-2696-4DC8-841E-2A1B7066587B}.Release|Any CPU.Build.0 = Release|Any CPU
		{87A9C1B6-6407-47AE-A8D4-0101B0F84835}.Debug|Any CPU.ActiveCfg = Debug|Any CPU
		{87A9C1B6-6407-47AE-A8D4-0101B0F84835}.Debug|Any CPU.Build.0 = Debug|Any CPU
		{87A9C1B6-6407-47AE-A8D4-0101B0F84835}.Release|Any CPU.ActiveCfg = Release|Any CPU
		{87A9C1B6-6407-47AE-A8D4-0101B0F84835}.Release|Any CPU.Build.0 = Release|Any CPU
		{EB3C8F9F-DFA7-450F-AC15-811C4672EFD0}.Debug|Any CPU.ActiveCfg = Debug|Any CPU
		{EB3C8F9F-DFA7-450F-AC15-811C4672EFD0}.Debug|Any CPU.Build.0 = Debug|Any CPU
		{EB3C8F9F-DFA7-450F-AC15-811C4672EFD0}.Release|Any CPU.ActiveCfg = Release|Any CPU
		{EB3C8F9F-DFA7-450F-AC15-811C4672EFD0}.Release|Any CPU.Build.0 = Release|Any CPU
	EndGlobalSection
	GlobalSection(SolutionProperties) = preSolution
		HideSolutionNode = FALSE
	EndGlobalSection
	GlobalSection(ExtensibilityGlobals) = postSolution
		SolutionGuid = {2702B74D-F6A4-4057-B99A-8A4DA708E624}
	EndGlobalSection
EndGlobal
